
Microsoft Visual Studio Solution File, Format Version 12.00
# Visual Studio Version 17
VisualStudioVersion = 17.0.31903.59
MinimumVisualStudioVersion = 10.0.40219.1
Project("{FAE04EC0-301F-11D3-BF4B-00C04F79EFBC}") = "Coba Github", "Coba Github\Coba Github.csproj", "{2C498727-6543-4BB9-A009-BE7E1AE132F9}"
EndProject
Global
	GlobalSection(SolutionConfigurationPlatforms) = preSolution
		Debug|Any CPU = Debug|Any CPU
		Release|Any CPU = Release|Any CPU
	EndGlobalSection
	GlobalSection(ProjectConfigurationPlatforms) = postSolution
		{2C498727-6543-4BB9-A009-BE7E1AE132F9}.Debug|Any CPU.ActiveCfg = Debug|Any CPU
		{2C498727-6543-4BB9-A009-BE7E1AE132F9}.Debug|Any CPU.Build.0 = Debug|Any CPU
		{2C498727-6543-4BB9-A009-BE7E1AE132F9}.Release|Any CPU.ActiveCfg = Release|Any CPU
		{2C498727-6543-4BB9-A009-BE7E1AE132F9}.Release|Any CPU.Build.0 = Release|Any CPU
	EndGlobalSection
	GlobalSection(SolutionProperties) = preSolution
		HideSolutionNode = FALSE
	EndGlobalSection
	GlobalSection(ExtensibilityGlobals) = postSolution
		SolutionGuid = {4469FFEF-9599-4609-820C-4C1365E47D94}
	EndGlobalSection
EndGlobal
